
Microsoft Visual Studio Solution File, Format Version 12.00
# Visual Studio 15
VisualStudioVersion = 15.0.26730.8
MinimumVisualStudioVersion = 10.0.40219.1
Project("{FAE04EC0-301F-11D3-BF4B-00C04F79EFBC}") = "ButtonExample", "ButtonExample\ButtonExample.csproj", "{32DBB52B-1B59-4C00-ACD2-9AE5C20CE9CA}"
EndProject
Global
	GlobalSection(SolutionConfigurationPlatforms) = preSolution
		Debug|Any CPU = Debug|Any CPU
		Release|Any CPU = Release|Any CPU
	EndGlobalSection
	GlobalSection(ProjectConfigurationPlatforms) = postSolution
		{32DBB52B-1B59-4C00-ACD2-9AE5C20CE9CA}.Debug|Any CPU.ActiveCfg = Debug|Any CPU
		{32DBB52B-1B59-4C00-ACD2-9AE5C20CE9CA}.Debug|Any CPU.Build.0 = Debug|Any CPU
		{32DBB52B-1B59-4C00-ACD2-9AE5C20CE9CA}.Debug|Any CPU.Deploy.0 = Debug|Any CPU
		{32DBB52B-1B59-4C00-ACD2-9AE5C20CE9CA}.Release|Any CPU.ActiveCfg = Release|Any CPU
		{32DBB52B-1B59-4C00-ACD2-9AE5C20CE9CA}.Release|Any CPU.Build.0 = Release|Any CPU
		{32DBB52B-1B59-4C00-ACD2-9AE5C20CE9CA}.Release|Any CPU.Deploy.0 = Release|Any CPU
	EndGlobalSection
	GlobalSection(SolutionProperties) = preSolution
		HideSolutionNode = FALSE
	EndGlobalSection
	GlobalSection(ExtensibilityGlobals) = postSolution
		SolutionGuid = {8D4557C3-5638-4127-9AA9-49FA6529BEE2}
	EndGlobalSection
EndGlobal
