
Microsoft Visual Studio Solution File, Format Version 12.00
# Visual Studio 15
VisualStudioVersion = 15.0.26730.8
MinimumVisualStudioVersion = 10.0.40219.1
Project("{FAE04EC0-301F-11D3-BF4B-00C04F79EFBC}") = "XamarinPhoneWord.Android", "XamarinPhoneWord\XamarinPhoneWord.Android\XamarinPhoneWord.Android.csproj", "{66326510-DA03-4D71-BA07-B714147A7626}"
EndProject
Project("{FAE04EC0-301F-11D3-BF4B-00C04F79EFBC}") = "XamarinPhoneWord", "XamarinPhoneWord\XamarinPhoneWord\XamarinPhoneWord.csproj", "{5E84A73C-0B7C-418B-A989-2AC0610EE613}"
EndProject
Project("{FAE04EC0-301F-11D3-BF4B-00C04F79EFBC}") = "XamarinPhoneWord.UWP", "XamarinPhoneWord\XamarinPhoneWord.UWP\XamarinPhoneWord.UWP.csproj", "{D579785B-5F47-4375-BDDF-7DCFB9B06CF8}"
EndProject
Project("{FAE04EC0-301F-11D3-BF4B-00C04F79EFBC}") = "XamarinPhoneWord.iOS", "XamarinPhoneWord\XamarinPhoneWord.iOS\XamarinPhoneWord.iOS.csproj", "{7FFEE4B9-458E-40BB-B94A-233C9CCC73AA}"
EndProject
Global
	GlobalSection(SolutionConfigurationPlatforms) = preSolution
		Ad-Hoc|Any CPU = Ad-Hoc|Any CPU
		Ad-Hoc|ARM = Ad-Hoc|ARM
		Ad-Hoc|iPhone = Ad-Hoc|iPhone
		Ad-Hoc|iPhoneSimulator = Ad-Hoc|iPhoneSimulator
		Ad-Hoc|x64 = Ad-Hoc|x64
		Ad-Hoc|x86 = Ad-Hoc|x86
		AppStore|Any CPU = AppStore|Any CPU
		AppStore|ARM = AppStore|ARM
		AppStore|iPhone = AppStore|iPhone
		AppStore|iPhoneSimulator = AppStore|iPhoneSimulator
		AppStore|x64 = AppStore|x64
		AppStore|x86 = AppStore|x86
		Debug|Any CPU = Debug|Any CPU
		Debug|ARM = Debug|ARM
		Debug|iPhone = Debug|iPhone
		Debug|iPhoneSimulator = Debug|iPhoneSimulator
		Debug|x64 = Debug|x64
		Debug|x86 = Debug|x86
		Release|Any CPU = Release|Any CPU
		Release|ARM = Release|ARM
		Release|iPhone = Release|iPhone
		Release|iPhoneSimulator = Release|iPhoneSimulator
		Release|x64 = Release|x64
		Release|x86 = Release|x86
	EndGlobalSection
	GlobalSection(ProjectConfigurationPlatforms) = postSolution
		{66326510-DA03-4D71-BA07-B714147A7626}.Ad-Hoc|Any CPU.ActiveCfg = Release|Any CPU
		{66326510-DA03-4D71-BA07-B714147A7626}.Ad-Hoc|Any CPU.Build.0 = Release|Any CPU
		{66326510-DA03-4D71-BA07-B714147A7626}.Ad-Hoc|Any CPU.Deploy.0 = Release|Any CPU
		{66326510-DA03-4D71-BA07-B714147A7626}.Ad-Hoc|ARM.ActiveCfg = Release|Any CPU
		{66326510-DA03-4D71-BA07-B714147A7626}.Ad-Hoc|ARM.Build.0 = Release|Any CPU
		{66326510-DA03-4D71-BA07-B714147A7626}.Ad-Hoc|ARM.Deploy.0 = Release|Any CPU
		{66326510-DA03-4D71-BA07-B714147A7626}.Ad-Hoc|iPhone.ActiveCfg = Release|Any CPU
		{66326510-DA03-4D71-BA07-B714147A7626}.Ad-Hoc|iPhone.Build.0 = Release|Any CPU
		{66326510-DA03-4D71-BA07-B714147A7626}.Ad-Hoc|iPhone.Deploy.0 = Release|Any CPU
		{66326510-DA03-4D71-BA07-B714147A7626}.Ad-Hoc|iPhoneSimulator.ActiveCfg = Release|Any CPU
		{66326510-DA03-4D71-BA07-B714147A7626}.Ad-Hoc|iPhoneSimulator.Build.0 = Release|Any CPU
		{66326510-DA03-4D71-BA07-B714147A7626}.Ad-Hoc|iPhoneSimulator.Deploy.0 = Release|Any CPU
		{66326510-DA03-4D71-BA07-B714147A7626}.Ad-Hoc|x64.ActiveCfg = Release|Any CPU
		{66326510-DA03-4D71-BA07-B714147A7626}.Ad-Hoc|x64.Build.0 = Release|Any CPU
		{66326510-DA03-4D71-BA07-B714147A7626}.Ad-Hoc|x64.Deploy.0 = Release|Any CPU
		{66326510-DA03-4D71-BA07-B714147A7626}.Ad-Hoc|x86.ActiveCfg = Release|Any CPU
		{66326510-DA03-4D71-BA07-B714147A7626}.Ad-Hoc|x86.Build.0 = Release|Any CPU
		{66326510-DA03-4D71-BA07-B714147A7626}.Ad-Hoc|x86.Deploy.0 = Release|Any CPU
		{66326510-DA03-4D71-BA07-B714147A7626}.AppStore|Any CPU.ActiveCfg = Release|Any CPU
		{66326510-DA03-4D71-BA07-B714147A7626}.AppStore|Any CPU.Build.0 = Release|Any CPU
		{66326510-DA03-4D71-BA07-B714147A7626}.AppStore|Any CPU.Deploy.0 = Release|Any CPU
		{66326510-DA03-4D71-BA07-B714147A7626}.AppStore|ARM.ActiveCfg = Release|Any CPU
		{66326510-DA03-4D71-BA07-B714147A7626}.AppStore|ARM.Build.0 = Release|Any CPU
		{66326510-DA03-4D71-BA07-B714147A7626}.AppStore|ARM.Deploy.0 = Release|Any CPU
		{66326510-DA03-4D71-BA07-B714147A7626}.AppStore|iPhone.ActiveCfg = Release|Any CPU
		{66326510-DA03-4D71-BA07-B714147A7626}.AppStore|iPhone.Build.0 = Release|Any CPU
		{66326510-DA03-4D71-BA07-B714147A7626}.AppStore|iPhone.Deploy.0 = Release|Any CPU
		{66326510-DA03-4D71-BA07-B714147A7626}.AppStore|iPhoneSimulator.ActiveCfg = Release|Any CPU
		{66326510-DA03-4D71-BA07-B714147A7626}.AppStore|iPhoneSimulator.Build.0 = Release|Any CPU
		{66326510-DA03-4D71-BA07-B714147A7626}.AppStore|iPhoneSimulator.Deploy.0 = Release|Any CPU
		{66326510-DA03-4D71-BA07-B714147A7626}.AppStore|x64.ActiveCfg = Release|Any CPU
		{66326510-DA03-4D71-BA07-B714147A7626}.AppStore|x64.Build.0 = Release|Any CPU
		{66326510-DA03-4D71-BA07-B714147A7626}.AppStore|x64.Deploy.0 = Release|Any CPU
		{66326510-DA03-4D71-BA07-B714147A7626}.AppStore|x86.ActiveCfg = Release|Any CPU
		{66326510-DA03-4D71-BA07-B714147A7626}.AppStore|x86.Build.0 = Release|Any CPU
		{66326510-DA03-4D71-BA07-B714147A7626}.AppStore|x86.Deploy.0 = Release|Any CPU
		{66326510-DA03-4D71-BA07-B714147A7626}.Debug|Any CPU.ActiveCfg = Debug|Any CPU
		{66326510-DA03-4D71-BA07-B714147A7626}.Debug|Any CPU.Build.0 = Debug|Any CPU
		{66326510-DA03-4D71-BA07-B714147A7626}.Debug|Any CPU.Deploy.0 = Debug|Any CPU
		{66326510-DA03-4D71-BA07-B714147A7626}.Debug|ARM.ActiveCfg = Debug|Any CPU
		{66326510-DA03-4D71-BA07-B714147A7626}.Debug|ARM.Build.0 = Debug|Any CPU
		{66326510-DA03-4D71-BA07-B714147A7626}.Debug|ARM.Deploy.0 = Debug|Any CPU
		{66326510-DA03-4D71-BA07-B714147A7626}.Debug|iPhone.ActiveCfg = Debug|Any CPU
		{66326510-DA03-4D71-BA07-B714147A7626}.Debug|iPhone.Build.0 = Debug|Any CPU
		{66326510-DA03-4D71-BA07-B714147A7626}.Debug|iPhone.Deploy.0 = Debug|Any CPU
		{66326510-DA03-4D71-BA07-B714147A7626}.Debug|iPhoneSimulator.ActiveCfg = Debug|Any CPU
		{66326510-DA03-4D71-BA07-B714147A7626}.Debug|iPhoneSimulator.Build.0 = Debug|Any CPU
		{66326510-DA03-4D71-BA07-B714147A7626}.Debug|iPhoneSimulator.Deploy.0 = Debug|Any CPU
		{66326510-DA03-4D71-BA07-B714147A7626}.Debug|x64.ActiveCfg = Debug|Any CPU
		{66326510-DA03-4D71-BA07-B714147A7626}.Debug|x64.Build.0 = Debug|Any CPU
		{66326510-DA03-4D71-BA07-B714147A7626}.Debug|x64.Deploy.0 = Debug|Any CPU
		{66326510-DA03-4D71-BA07-B714147A7626}.Debug|x86.ActiveCfg = Debug|Any CPU
		{66326510-DA03-4D71-BA07-B714147A7626}.Debug|x86.Build.0 = Debug|Any CPU
		{66326510-DA03-4D71-BA07-B714147A7626}.Debug|x86.Deploy.0 = Debug|Any CPU
		{66326510-DA03-4D71-BA07-B714147A7626}.Release|Any CPU.ActiveCfg = Release|Any CPU
		{66326510-DA03-4D71-BA07-B714147A7626}.Release|Any CPU.Build.0 = Release|Any CPU
		{66326510-DA03-4D71-BA07-B714147A7626}.Release|Any CPU.Deploy.0 = Release|Any CPU
		{66326510-DA03-4D71-BA07-B714147A7626}.Release|ARM.ActiveCfg = Release|Any CPU
		{66326510-DA03-4D71-BA07-B714147A7626}.Release|ARM.Build.0 = Release|Any CPU
		{66326510-DA03-4D71-BA07-B714147A7626}.Release|ARM.Deploy.0 = Release|Any CPU
		{66326510-DA03-4D71-BA07-B714147A7626}.Release|iPhone.ActiveCfg = Release|Any CPU
		{66326510-DA03-4D71-BA07-B714147A7626}.Release|iPhone.Build.0 = Release|Any CPU
		{66326510-DA03-4D71-BA07-B714147A7626}.Release|iPhone.Deploy.0 = Release|Any CPU
		{66326510-DA03-4D71-BA07-B714147A7626}.Release|iPhoneSimulator.ActiveCfg = Release|Any CPU
		{66326510-DA03-4D71-BA07-B714147A7626}.Release|iPhoneSimulator.Build.0 = Release|Any CPU
		{66326510-DA03-4D71-BA07-B714147A7626}.Release|iPhoneSimulator.Deploy.0 = Release|Any CPU
		{66326510-DA03-4D71-BA07-B714147A7626}.Release|x64.ActiveCfg = Release|Any CPU
		{66326510-DA03-4D71-BA07-B714147A7626}.Release|x64.Build.0 = Release|Any CPU
		{66326510-DA03-4D71-BA07-B714147A7626}.Release|x64.Deploy.0 = Release|Any CPU
		{66326510-DA03-4D71-BA07-B714147A7626}.Release|x86.ActiveCfg = Release|Any CPU
		{66326510-DA03-4D71-BA07-B714147A7626}.Release|x86.Build.0 = Release|Any CPU
		{66326510-DA03-4D71-BA07-B714147A7626}.Release|x86.Deploy.0 = Release|Any CPU
		{5E84A73C-0B7C-418B-A989-2AC0610EE613}.Ad-Hoc|Any CPU.ActiveCfg = Release|Any CPU
		{5E84A73C-0B7C-418B-A989-2AC0610EE613}.Ad-Hoc|Any CPU.Build.0 = Release|Any CPU
		{5E84A73C-0B7C-418B-A989-2AC0610EE613}.Ad-Hoc|ARM.ActiveCfg = Release|Any CPU
		{5E84A73C-0B7C-418B-A989-2AC0610EE613}.Ad-Hoc|ARM.Build.0 = Release|Any CPU
		{5E84A73C-0B7C-418B-A989-2AC0610EE613}.Ad-Hoc|iPhone.ActiveCfg = Release|Any CPU
		{5E84A73C-0B7C-418B-A989-2AC0610EE613}.Ad-Hoc|iPhone.Build.0 = Release|Any CPU
		{5E84A73C-0B7C-418B-A989-2AC0610EE613}.Ad-Hoc|iPhoneSimulator.ActiveCfg = Release|Any CPU
		{5E84A73C-0B7C-418B-A989-2AC0610EE613}.Ad-Hoc|iPhoneSimulator.Build.0 = Release|Any CPU
		{5E84A73C-0B7C-418B-A989-2AC0610EE613}.Ad-Hoc|x64.ActiveCfg = Release|Any CPU
		{5E84A73C-0B7C-418B-A989-2AC0610EE613}.Ad-Hoc|x64.Build.0 = Release|Any CPU
		{5E84A73C-0B7C-418B-A989-2AC0610EE613}.Ad-Hoc|x86.ActiveCfg = Release|Any CPU
		{5E84A73C-0B7C-418B-A989-2AC0610EE613}.Ad-Hoc|x86.Build.0 = Release|Any CPU
		{5E84A73C-0B7C-418B-A989-2AC0610EE613}.AppStore|Any CPU.ActiveCfg = Release|Any CPU
		{5E84A73C-0B7C-418B-A989-2AC0610EE613}.AppStore|Any CPU.Build.0 = Release|Any CPU
		{5E84A73C-0B7C-418B-A989-2AC0610EE613}.AppStore|ARM.ActiveCfg = Release|Any CPU
		{5E84A73C-0B7C-418B-A989-2AC0610EE613}.AppStore|ARM.Build.0 = Release|Any CPU
		{5E84A73C-0B7C-418B-A989-2AC0610EE613}.AppStore|iPhone.ActiveCfg = Release|Any CPU
		{5E84A73C-0B7C-418B-A989-2AC0610EE613}.AppStore|iPhone.Build.0 = Release|Any CPU
		{5E84A73C-0B7C-418B-A989-2AC0610EE613}.AppStore|iPhoneSimulator.ActiveCfg = Release|Any CPU
		{5E84A73C-0B7C-418B-A989-2AC0610EE613}.AppStore|iPhoneSimulator.Build.0 = Release|Any CPU
		{5E84A73C-0B7C-418B-A989-2AC0610EE613}.AppStore|x64.ActiveCfg = Release|Any CPU
		{5E84A73C-0B7C-418B-A989-2AC0610EE613}.AppStore|x64.Build.0 = Release|Any CPU
		{5E84A73C-0B7C-418B-A989-2AC0610EE613}.AppStore|x86.ActiveCfg = Release|Any CPU
		{5E84A73C-0B7C-418B-A989-2AC0610EE613}.AppStore|x86.Build.0 = Release|Any CPU
		{5E84A73C-0B7C-418B-A989-2AC0610EE613}.Debug|Any CPU.ActiveCfg = Debug|Any CPU
		{5E84A73C-0B7C-418B-A989-2AC0610EE613}.Debug|Any CPU.Build.0 = Debug|Any CPU
		{5E84A73C-0B7C-418B-A989-2AC0610EE613}.Debug|ARM.ActiveCfg = Debug|Any CPU
		{5E84A73C-0B7C-418B-A989-2AC0610EE613}.Debug|ARM.Build.0 = Debug|Any CPU
		{5E84A73C-0B7C-418B-A989-2AC0610EE613}.Debug|iPhone.ActiveCfg = Debug|Any CPU
		{5E84A73C-0B7C-418B-A989-2AC0610EE613}.Debug|iPhone.Build.0 = Debug|Any CPU
		{5E84A73C-0B7C-418B-A989-2AC0610EE613}.Debug|iPhoneSimulator.ActiveCfg = Debug|Any CPU
		{5E84A73C-0B7C-418B-A989-2AC0610EE613}.Debug|iPhoneSimulator.Build.0 = Debug|Any CPU
		{5E84A73C-0B7C-418B-A989-2AC0610EE613}.Debug|x64.ActiveCfg = Debug|Any CPU
		{5E84A73C-0B7C-418B-A989-2AC0610EE613}.Debug|x64.Build.0 = Debug|Any CPU
		{5E84A73C-0B7C-418B-A989-2AC0610EE613}.Debug|x86.ActiveCfg = Debug|Any CPU
		{5E84A73C-0B7C-418B-A989-2AC0610EE613}.Debug|x86.Build.0 = Debug|Any CPU
		{5E84A73C-0B7C-418B-A989-2AC0610EE613}.Release|Any CPU.ActiveCfg = Release|Any CPU
		{5E84A73C-0B7C-418B-A989-2AC0610EE613}.Release|Any CPU.Build.0 = Release|Any CPU
		{5E84A73C-0B7C-418B-A989-2AC0610EE613}.Release|ARM.ActiveCfg = Release|Any CPU
		{5E84A73C-0B7C-418B-A989-2AC0610EE613}.Release|ARM.Build.0 = Release|Any CPU
		{5E84A73C-0B7C-418B-A989-2AC0610EE613}.Release|iPhone.ActiveCfg = Release|Any CPU
		{5E84A73C-0B7C-418B-A989-2AC0610EE613}.Release|iPhone.Build.0 = Release|Any CPU
		{5E84A73C-0B7C-418B-A989-2AC0610EE613}.Release|iPhoneSimulator.ActiveCfg = Release|Any CPU
		{5E84A73C-0B7C-418B-A989-2AC0610EE613}.Release|iPhoneSimulator.Build.0 = Release|Any CPU
		{5E84A73C-0B7C-418B-A989-2AC0610EE613}.Release|x64.ActiveCfg = Release|Any CPU
		{5E84A73C-0B7C-418B-A989-2AC0610EE613}.Release|x64.Build.0 = Release|Any CPU
		{5E84A73C-0B7C-418B-A989-2AC0610EE613}.Release|x86.ActiveCfg = Release|Any CPU
		{5E84A73C-0B7C-418B-A989-2AC0610EE613}.Release|x86.Build.0 = Release|Any CPU
		{D579785B-5F47-4375-BDDF-7DCFB9B06CF8}.Ad-Hoc|Any CPU.ActiveCfg = Release|x86
		{D579785B-5F47-4375-BDDF-7DCFB9B06CF8}.Ad-Hoc|Any CPU.Build.0 = Release|x86
		{D579785B-5F47-4375-BDDF-7DCFB9B06CF8}.Ad-Hoc|Any CPU.Deploy.0 = Release|x86
		{D579785B-5F47-4375-BDDF-7DCFB9B06CF8}.Ad-Hoc|ARM.ActiveCfg = Release|ARM
		{D579785B-5F47-4375-BDDF-7DCFB9B06CF8}.Ad-Hoc|ARM.Build.0 = Release|ARM
		{D579785B-5F47-4375-BDDF-7DCFB9B06CF8}.Ad-Hoc|ARM.Deploy.0 = Release|ARM
		{D579785B-5F47-4375-BDDF-7DCFB9B06CF8}.Ad-Hoc|iPhone.ActiveCfg = Release|x86
		{D579785B-5F47-4375-BDDF-7DCFB9B06CF8}.Ad-Hoc|iPhone.Build.0 = Release|x86
		{D579785B-5F47-4375-BDDF-7DCFB9B06CF8}.Ad-Hoc|iPhone.Deploy.0 = Release|x86
		{D579785B-5F47-4375-BDDF-7DCFB9B06CF8}.Ad-Hoc|iPhoneSimulator.ActiveCfg = Release|x86
		{D579785B-5F47-4375-BDDF-7DCFB9B06CF8}.Ad-Hoc|iPhoneSimulator.Build.0 = Release|x86
		{D579785B-5F47-4375-BDDF-7DCFB9B06CF8}.Ad-Hoc|iPhoneSimulator.Deploy.0 = Release|x86
		{D579785B-5F47-4375-BDDF-7DCFB9B06CF8}.Ad-Hoc|x64.ActiveCfg = Release|x64
		{D579785B-5F47-4375-BDDF-7DCFB9B06CF8}.Ad-Hoc|x64.Build.0 = Release|x64
		{D579785B-5F47-4375-BDDF-7DCFB9B06CF8}.Ad-Hoc|x64.Deploy.0 = Release|x64
		{D579785B-5F47-4375-BDDF-7DCFB9B06CF8}.Ad-Hoc|x86.ActiveCfg = Release|x86
		{D579785B-5F47-4375-BDDF-7DCFB9B06CF8}.Ad-Hoc|x86.Build.0 = Release|x86
		{D579785B-5F47-4375-BDDF-7DCFB9B06CF8}.Ad-Hoc|x86.Deploy.0 = Release|x86
		{D579785B-5F47-4375-BDDF-7DCFB9B06CF8}.AppStore|Any CPU.ActiveCfg = Release|x86
		{D579785B-5F47-4375-BDDF-7DCFB9B06CF8}.AppStore|Any CPU.Build.0 = Release|x86
		{D579785B-5F47-4375-BDDF-7DCFB9B06CF8}.AppStore|Any CPU.Deploy.0 = Release|x86
		{D579785B-5F47-4375-BDDF-7DCFB9B06CF8}.AppStore|ARM.ActiveCfg = Release|ARM
		{D579785B-5F47-4375-BDDF-7DCFB9B06CF8}.AppStore|ARM.Build.0 = Release|ARM
		{D579785B-5F47-4375-BDDF-7DCFB9B06CF8}.AppStore|ARM.Deploy.0 = Release|ARM
		{D579785B-5F47-4375-BDDF-7DCFB9B06CF8}.AppStore|iPhone.ActiveCfg = Release|x86
		{D579785B-5F47-4375-BDDF-7DCFB9B06CF8}.AppStore|iPhone.Build.0 = Release|x86
		{D579785B-5F47-4375-BDDF-7DCFB9B06CF8}.AppStore|iPhone.Deploy.0 = Release|x86
		{D579785B-5F47-4375-BDDF-7DCFB9B06CF8}.AppStore|iPhoneSimulator.ActiveCfg = Release|x86
		{D579785B-5F47-4375-BDDF-7DCFB9B06CF8}.AppStore|iPhoneSimulator.Build.0 = Release|x86
		{D579785B-5F47-4375-BDDF-7DCFB9B06CF8}.AppStore|iPhoneSimulator.Deploy.0 = Release|x86
		{D579785B-5F47-4375-BDDF-7DCFB9B06CF8}.AppStore|x64.ActiveCfg = Release|x64
		{D579785B-5F47-4375-BDDF-7DCFB9B06CF8}.AppStore|x64.Build.0 = Release|x64
		{D579785B-5F47-4375-BDDF-7DCFB9B06CF8}.AppStore|x64.Deploy.0 = Release|x64
		{D579785B-5F47-4375-BDDF-7DCFB9B06CF8}.AppStore|x86.ActiveCfg = Release|x86
		{D579785B-5F47-4375-BDDF-7DCFB9B06CF8}.AppStore|x86.Build.0 = Release|x86
		{D579785B-5F47-4375-BDDF-7DCFB9B06CF8}.AppStore|x86.Deploy.0 = Release|x86
		{D579785B-5F47-4375-BDDF-7DCFB9B06CF8}.Debug|Any CPU.ActiveCfg = Debug|x86
		{D579785B-5F47-4375-BDDF-7DCFB9B06CF8}.Debug|ARM.ActiveCfg = Debug|ARM
		{D579785B-5F47-4375-BDDF-7DCFB9B06CF8}.Debug|ARM.Build.0 = Debug|ARM
		{D579785B-5F47-4375-BDDF-7DCFB9B06CF8}.Debug|ARM.Deploy.0 = Debug|ARM
		{D579785B-5F47-4375-BDDF-7DCFB9B06CF8}.Debug|iPhone.ActiveCfg = Debug|x86
		{D579785B-5F47-4375-BDDF-7DCFB9B06CF8}.Debug|iPhoneSimulator.ActiveCfg = Debug|x86
		{D579785B-5F47-4375-BDDF-7DCFB9B06CF8}.Debug|x64.ActiveCfg = Debug|x64
		{D579785B-5F47-4375-BDDF-7DCFB9B06CF8}.Debug|x64.Build.0 = Debug|x64
		{D579785B-5F47-4375-BDDF-7DCFB9B06CF8}.Debug|x64.Deploy.0 = Debug|x64
		{D579785B-5F47-4375-BDDF-7DCFB9B06CF8}.Debug|x86.ActiveCfg = Debug|x86
		{D579785B-5F47-4375-BDDF-7DCFB9B06CF8}.Debug|x86.Build.0 = Debug|x86
		{D579785B-5F47-4375-BDDF-7DCFB9B06CF8}.Debug|x86.Deploy.0 = Debug|x86
		{D579785B-5F47-4375-BDDF-7DCFB9B06CF8}.Release|Any CPU.ActiveCfg = Release|x86
		{D579785B-5F47-4375-BDDF-7DCFB9B06CF8}.Release|ARM.ActiveCfg = Release|ARM
		{D579785B-5F47-4375-BDDF-7DCFB9B06CF8}.Release|ARM.Build.0 = Release|ARM
		{D579785B-5F47-4375-BDDF-7DCFB9B06CF8}.Release|ARM.Deploy.0 = Release|ARM
		{D579785B-5F47-4375-BDDF-7DCFB9B06CF8}.Release|iPhone.ActiveCfg = Release|x86
		{D579785B-5F47-4375-BDDF-7DCFB9B06CF8}.Release|iPhoneSimulator.ActiveCfg = Release|x86
		{D579785B-5F47-4375-BDDF-7DCFB9B06CF8}.Release|x64.ActiveCfg = Release|x64
		{D579785B-5F47-4375-BDDF-7DCFB9B06CF8}.Release|x64.Build.0 = Release|x64
		{D579785B-5F47-4375-BDDF-7DCFB9B06CF8}.Release|x64.Deploy.0 = Release|x64
		{D579785B-5F47-4375-BDDF-7DCFB9B06CF8}.Release|x86.ActiveCfg = Release|x86
		{D579785B-5F47-4375-BDDF-7DCFB9B06CF8}.Release|x86.Build.0 = Release|x86
		{D579785B-5F47-4375-BDDF-7DCFB9B06CF8}.Release|x86.Deploy.0 = Release|x86
		{7FFEE4B9-458E-40BB-B94A-233C9CCC73AA}.Ad-Hoc|Any CPU.ActiveCfg = Ad-Hoc|iPhone
		{7FFEE4B9-458E-40BB-B94A-233C9CCC73AA}.Ad-Hoc|ARM.ActiveCfg = Ad-Hoc|iPhone
		{7FFEE4B9-458E-40BB-B94A-233C9CCC73AA}.Ad-Hoc|iPhone.ActiveCfg = Ad-Hoc|iPhone
		{7FFEE4B9-458E-40BB-B94A-233C9CCC73AA}.Ad-Hoc|iPhone.Build.0 = Ad-Hoc|iPhone
		{7FFEE4B9-458E-40BB-B94A-233C9CCC73AA}.Ad-Hoc|iPhoneSimulator.ActiveCfg = Ad-Hoc|iPhoneSimulator
		{7FFEE4B9-458E-40BB-B94A-233C9CCC73AA}.Ad-Hoc|iPhoneSimulator.Build.0 = Ad-Hoc|iPhoneSimulator
		{7FFEE4B9-458E-40BB-B94A-233C9CCC73AA}.Ad-Hoc|x64.ActiveCfg = Ad-Hoc|iPhone
		{7FFEE4B9-458E-40BB-B94A-233C9CCC73AA}.Ad-Hoc|x86.ActiveCfg = Ad-Hoc|iPhone
		{7FFEE4B9-458E-40BB-B94A-233C9CCC73AA}.AppStore|Any CPU.ActiveCfg = AppStore|iPhone
		{7FFEE4B9-458E-40BB-B94A-233C9CCC73AA}.AppStore|ARM.ActiveCfg = AppStore|iPhone
		{7FFEE4B9-458E-40BB-B94A-233C9CCC73AA}.AppStore|iPhone.ActiveCfg = AppStore|iPhone
		{7FFEE4B9-458E-40BB-B94A-233C9CCC73AA}.AppStore|iPhone.Build.0 = AppStore|iPhone
		{7FFEE4B9-458E-40BB-B94A-233C9CCC73AA}.AppStore|iPhoneSimulator.ActiveCfg = AppStore|iPhoneSimulator
		{7FFEE4B9-458E-40BB-B94A-233C9CCC73AA}.AppStore|iPhoneSimulator.Build.0 = AppStore|iPhoneSimulator
		{7FFEE4B9-458E-40BB-B94A-233C9CCC73AA}.AppStore|x64.ActiveCfg = AppStore|iPhone
		{7FFEE4B9-458E-40BB-B94A-233C9CCC73AA}.AppStore|x86.ActiveCfg = AppStore|iPhone
		{7FFEE4B9-458E-40BB-B94A-233C9CCC73AA}.Debug|Any CPU.ActiveCfg = Debug|iPhone
		{7FFEE4B9-458E-40BB-B94A-233C9CCC73AA}.Debug|ARM.ActiveCfg = Debug|iPhone
		{7FFEE4B9-458E-40BB-B94A-233C9CCC73AA}.Debug|iPhone.ActiveCfg = Debug|iPhone
		{7FFEE4B9-458E-40BB-B94A-233C9CCC73AA}.Debug|iPhone.Build.0 = Debug|iPhone
		{7FFEE4B9-458E-40BB-B94A-233C9CCC73AA}.Debug|iPhoneSimulator.ActiveCfg = Debug|iPhoneSimulator
		{7FFEE4B9-458E-40BB-B94A-233C9CCC73AA}.Debug|iPhoneSimulator.Build.0 = Debug|iPhoneSimulator
		{7FFEE4B9-458E-40BB-B94A-233C9CCC73AA}.Debug|x64.ActiveCfg = Debug|iPhone
		{7FFEE4B9-458E-40BB-B94A-233C9CCC73AA}.Debug|x86.ActiveCfg = Debug|iPhone
		{7FFEE4B9-458E-40BB-B94A-233C9CCC73AA}.Release|Any CPU.ActiveCfg = Release|iPhone
		{7FFEE4B9-458E-40BB-B94A-233C9CCC73AA}.Release|ARM.ActiveCfg = Release|iPhone
		{7FFEE4B9-458E-40BB-B94A-233C9CCC73AA}.Release|iPhone.ActiveCfg = Release|iPhone
		{7FFEE4B9-458E-40BB-B94A-233C9CCC73AA}.Release|iPhone.Build.0 = Release|iPhone
		{7FFEE4B9-458E-40BB-B94A-233C9CCC73AA}.Release|iPhoneSimulator.ActiveCfg = Release|iPhoneSimulator
		{7FFEE4B9-458E-40BB-B94A-233C9CCC73AA}.Release|iPhoneSimulator.Build.0 = Release|iPhoneSimulator
		{7FFEE4B9-458E-40BB-B94A-233C9CCC73AA}.Release|x64.ActiveCfg = Release|iPhone
		{7FFEE4B9-458E-40BB-B94A-233C9CCC73AA}.Release|x86.ActiveCfg = Release|iPhone
	EndGlobalSection
	GlobalSection(SolutionProperties) = preSolution
		HideSolutionNode = FALSE
	EndGlobalSection
	GlobalSection(ExtensibilityGlobals) = postSolution
		SolutionGuid = {31169D9F-D5B9-44C8-A4E5-4B26676E7C78}
	EndGlobalSection
EndGlobal
